
Microsoft Visual Studio Solution File, Format Version 12.00
# Visual Studio Version 17
VisualStudioVersion = 17.11.35312.102
MinimumVisualStudioVersion = 10.0.40219.1
Project("{2150E333-8FDC-42A3-9474-1A3956D46DE8}") = "Task0", "Task0", "{7EEF7E9B-1E99-4B28-9099-C99FC9FF8759}"
EndProject
Project("{FAE04EC0-301F-11D3-BF4B-00C04F79EFBC}") = "Tyuiu.KhudoiberdievDB.Sprint3.Task0.V12", "Tyuiu.KhudoiberdievDB.Sprint3.Task0.V12\Tyuiu.KhudoiberdievDB.Sprint3.Task0.V12.csproj", "{748E8B39-9812-45A8-840E-7EB3DCF5CC11}"
EndProject
Project("{FAE04EC0-301F-11D3-BF4B-00C04F79EFBC}") = "Tyuiu.KhudoiberdievDB.Sprint3.Task0.V12.Test", "Tyuiu.KhudoiberdievDB.Sprint3.Task0.V12.Test\Tyuiu.KhudoiberdievDB.Sprint3.Task0.V12.Test.csproj", "{2CCCCFB4-4F18-4E9F-AE8A-D4DAA2347B18}"
EndProject
Project("{FAE04EC0-301F-11D3-BF4B-00C04F79EFBC}") = "Tyuiu.KhudoiberdievDB.Sprint3.Task0.V12.Lib", "Tyuiu.KhudoiberdievDB.Sprint3.Task0.V12.Lib\Tyuiu.KhudoiberdievDB.Sprint3.Task0.V12.Lib.csproj", "{496E577C-79A1-4A0C-99A0-32F489210FAA}"
EndProject
Project("{2150E333-8FDC-42A3-9474-1A3956D46DE8}") = "Task1", "Task1", "{C173D88F-F345-48BA-8D76-087A4009DD52}"
EndProject
Project("{FAE04EC0-301F-11D3-BF4B-00C04F79EFBC}") = "Tyuiu.KhudoiberdievDB.Sprint3.Task1.V30", "Tyuiu.KhudoiberdievDB.Sprint3.Task1.V30\Tyuiu.KhudoiberdievDB.Sprint3.Task1.V30.csproj", "{EEC10FF8-16D9-4246-81C5-AAC4877584D9}"
EndProject
Project("{FAE04EC0-301F-11D3-BF4B-00C04F79EFBC}") = "Tyuiu.KhudoiberdievDB.Sprint3.Task1.V30.Lib", "Tyuiu.KhudoiberdievDB.Sprint3.Task1.V30.Lib\Tyuiu.KhudoiberdievDB.Sprint3.Task1.V30.Lib.csproj", "{2B010C96-5006-42E1-937E-371D6C588C12}"
EndProject
Project("{FAE04EC0-301F-11D3-BF4B-00C04F79EFBC}") = "Tyuiu.KhudoiberdievDB.Sprint3.Task1.V30.Test", "Tyuiu.KhudoiberdievDB.Sprint3.Task1.V30.Test\Tyuiu.KhudoiberdievDB.Sprint3.Task1.V30.Test.csproj", "{504C8DEB-EC29-4C8D-B000-4BE4E4C132A9}"
EndProject
Project("{2150E333-8FDC-42A3-9474-1A3956D46DE8}") = "Task2", "Task2", "{058D9210-85CB-4AE5-9BEB-2DDCDBA9D011}"
EndProject
Project("{FAE04EC0-301F-11D3-BF4B-00C04F79EFBC}") = "Tyuiu.KhudoiberdievDB.Sprint3.Task2.V21", "Tyuiu.KhudoiberdievDB.Sprint3.Task2.V21\Tyuiu.KhudoiberdievDB.Sprint3.Task2.V21.csproj", "{F3CEF6E6-3950-490D-A276-1504C3F3F58D}"
EndProject
Project("{FAE04EC0-301F-11D3-BF4B-00C04F79EFBC}") = "Tyuiu.KhudoiberdievDB.Sprint3.Task2.V21.Test", "Tyuiu.KhudoiberdievDB.Sprint3.Task2.V21.Test\Tyuiu.KhudoiberdievDB.Sprint3.Task2.V21.Test.csproj", "{2A675303-908D-43B2-BF59-0DD444A61290}"
EndProject
Project("{FAE04EC0-301F-11D3-BF4B-00C04F79EFBC}") = "Tyuiu.KhudoiberdievDB.Sprint3.Task2.V21.Lib", "Tyuiu.KhudoiberdievDB.Sprint3.Task2.V21.Lib\Tyuiu.KhudoiberdievDB.Sprint3.Task2.V21.Lib.csproj", "{C6E0E62E-9219-4E65-B6AB-44D41C37C659}"
EndProject
Project("{2150E333-8FDC-42A3-9474-1A3956D46DE8}") = "Task3", "Task3", "{3236CDE7-8B43-4A73-B23F-83F547EE0E63}"
EndProject
Project("{FAE04EC0-301F-11D3-BF4B-00C04F79EFBC}") = "Tyuiu.KhudoiberdievDB.Sprint3.Task3.V15", "Tyuiu.KhudoiberdievDB.Sprint3.Task3.V15\Tyuiu.KhudoiberdievDB.Sprint3.Task3.V15.csproj", "{B072173B-0670-4DC8-8666-C69843BCE7F7}"
EndProject
Project("{FAE04EC0-301F-11D3-BF4B-00C04F79EFBC}") = "Tyuiu.KhudoiberdievDB.Sprint3.Task3.V15.Lib", "Tyuiu.KhudoiberdievDB.Sprint3.Task3.V15.Lib\Tyuiu.KhudoiberdievDB.Sprint3.Task3.V15.Lib.csproj", "{E0B57598-F24A-405B-B055-00F12A5323EF}"
EndProject
Project("{FAE04EC0-301F-11D3-BF4B-00C04F79EFBC}") = "Tyuiu.KhudoiberdievDB.Sprint3.Task3.V15.Test", "Tyuiu.KhudoiberdievDB.Sprint3.Task3.V15.Test\Tyuiu.KhudoiberdievDB.Sprint3.Task3.V15.Test.csproj", "{515AFC10-C9FA-4F70-98D9-89A3CC49A0EF}"
EndProject
Project("{2150E333-8FDC-42A3-9474-1A3956D46DE8}") = "Task4", "Task4", "{763E6A8E-C1AC-4120-9E22-6B40707E60CA}"
EndProject
Project("{FAE04EC0-301F-11D3-BF4B-00C04F79EFBC}") = "Tyuiu.KhudoiberdievDB.Sprint3.Task4.V29", "Tyuiu.KhudoiberdievDB.Sprint3.Task4.V29\Tyuiu.KhudoiberdievDB.Sprint3.Task4.V29.csproj", "{9552427E-3208-4AC5-AE33-2AFBF448B8FD}"
EndProject
Project("{FAE04EC0-301F-11D3-BF4B-00C04F79EFBC}") = "Tyuiu.KhudoiberdievDB.Sprint3.Task4.V29.Test", "Tyuiu.KhudoiberdievDB.Sprint3.Task4.V29.Test\Tyuiu.KhudoiberdievDB.Sprint3.Task4.V29.Test.csproj", "{DA2E4736-0A87-4B49-AC5E-DEE53EBEF5E0}"
EndProject
Project("{FAE04EC0-301F-11D3-BF4B-00C04F79EFBC}") = "Tyuiu.KhudoiberdievDB.Sprint3.Task4.V29.Lib", "Tyuiu.KhudoiberdievDB.Sprint3.Task4.V29.Lib\Tyuiu.KhudoiberdievDB.Sprint3.Task4.V29.Lib.csproj", "{C7E304D3-5E9B-449A-BF78-08EDB7FDF9C1}"
EndProject
Project("{2150E333-8FDC-42A3-9474-1A3956D46DE8}") = "Task5", "Task5", "{2247A017-D935-4CDA-B535-ADAC657EBA86}"
EndProject
Project("{FAE04EC0-301F-11D3-BF4B-00C04F79EFBC}") = "Tyuiu.KhudoiberdievDB.Sprint3.Task5.V15", "Tyuiu.KhudoiberdievDB.Sprint3.Task5.V15\Tyuiu.KhudoiberdievDB.Sprint3.Task5.V15.csproj", "{8B424455-FB93-4ADB-9AC1-6A11F9FA9AF6}"
EndProject
Project("{FAE04EC0-301F-11D3-BF4B-00C04F79EFBC}") = "Tyuiu.KhudoiberdievDB.Sprint3.Task5.V15.Lib", "Tyuiu.KhudoiberdievDB.Sprint3.Task5.V15.Lib\Tyuiu.KhudoiberdievDB.Sprint3.Task5.V15.Lib.csproj", "{B769B8E4-ED22-4F38-9E6C-B2EA9F74F0C9}"
EndProject
Project("{FAE04EC0-301F-11D3-BF4B-00C04F79EFBC}") = "Tyuiu.KhudoiberdievDB.Sprint3.Task5.V15.Test", "Tyuiu.KhudoiberdievDB.Sprint3.Task5.V15.Test\Tyuiu.KhudoiberdievDB.Sprint3.Task5.V15.Test.csproj", "{5302B5F9-894C-4728-995B-70DFF3CF2246}"
EndProject
Project("{2150E333-8FDC-42A3-9474-1A3956D46DE8}") = "Task6", "Task6", "{D7A7298A-A30E-4855-ADBA-1E2D8F822D82}"
EndProject
Project("{FAE04EC0-301F-11D3-BF4B-00C04F79EFBC}") = "Tyuiu.KhudoiberdievDB.Sprint3.Task6.V15", "Tyuiu.KhudoiberdievDB.Sprint3.Task6.V15\Tyuiu.KhudoiberdievDB.Sprint3.Task6.V15.csproj", "{45714B7A-5F49-4275-BF5D-B8876A73226B}"
EndProject
Project("{FAE04EC0-301F-11D3-BF4B-00C04F79EFBC}") = "Tyuiu.KhudoiberdievDB.Sprint3.Task6.V15.Test", "Tyuiu.KhudoiberdievDB.Sprint3.Task6.V15.Test\Tyuiu.KhudoiberdievDB.Sprint3.Task6.V15.Test.csproj", "{B2E6EA6C-5AEA-4851-B625-959F0FFFDB4A}"
EndProject
Project("{FAE04EC0-301F-11D3-BF4B-00C04F79EFBC}") = "Tyuiu.KhudoiberdievDB.Sprint3.Task6.V15.Lib", "Tyuiu.KhudoiberdievDB.Sprint3.Task6.V15.Lib\Tyuiu.KhudoiberdievDB.Sprint3.Task6.V15.Lib.csproj", "{61C98911-9422-450F-A7C4-EF5CB9A048F3}"
EndProject
Global
	GlobalSection(SolutionConfigurationPlatforms) = preSolution
		Debug|Any CPU = Debug|Any CPU
		Release|Any CPU = Release|Any CPU
	EndGlobalSection
	GlobalSection(ProjectConfigurationPlatforms) = postSolution
		{748E8B39-9812-45A8-840E-7EB3DCF5CC11}.Debug|Any CPU.ActiveCfg = Debug|Any CPU
		{748E8B39-9812-45A8-840E-7EB3DCF5CC11}.Debug|Any CPU.Build.0 = Debug|Any CPU
		{748E8B39-9812-45A8-840E-7EB3DCF5CC11}.Release|Any CPU.ActiveCfg = Release|Any CPU
		{748E8B39-9812-45A8-840E-7EB3DCF5CC11}.Release|Any CPU.Build.0 = Release|Any CPU
		{2CCCCFB4-4F18-4E9F-AE8A-D4DAA2347B18}.Debug|Any CPU.ActiveCfg = Debug|Any CPU
		{2CCCCFB4-4F18-4E9F-AE8A-D4DAA2347B18}.Debug|Any CPU.Build.0 = Debug|Any CPU
		{2CCCCFB4-4F18-4E9F-AE8A-D4DAA2347B18}.Release|Any CPU.ActiveCfg = Release|Any CPU
		{2CCCCFB4-4F18-4E9F-AE8A-D4DAA2347B18}.Release|Any CPU.Build.0 = Release|Any CPU
		{496E577C-79A1-4A0C-99A0-32F489210FAA}.Debug|Any CPU.ActiveCfg = Debug|Any CPU
		{496E577C-79A1-4A0C-99A0-32F489210FAA}.Debug|Any CPU.Build.0 = Debug|Any CPU
		{496E577C-79A1-4A0C-99A0-32F489210FAA}.Release|Any CPU.ActiveCfg = Release|Any CPU
		{496E577C-79A1-4A0C-99A0-32F489210FAA}.Release|Any CPU.Build.0 = Release|Any CPU
		{EEC10FF8-16D9-4246-81C5-AAC4877584D9}.Debug|Any CPU.ActiveCfg = Debug|Any CPU
		{EEC10FF8-16D9-4246-81C5-AAC4877584D9}.Debug|Any CPU.Build.0 = Debug|Any CPU
		{EEC10FF8-16D9-4246-81C5-AAC4877584D9}.Release|Any CPU.ActiveCfg = Release|Any CPU
		{EEC10FF8-16D9-4246-81C5-AAC4877584D9}.Release|Any CPU.Build.0 = Release|Any CPU
		{2B010C96-5006-42E1-937E-371D6C588C12}.Debug|Any CPU.ActiveCfg = Debug|Any CPU
		{2B010C96-5006-42E1-937E-371D6C588C12}.Debug|Any CPU.Build.0 = Debug|Any CPU
		{2B010C96-5006-42E1-937E-371D6C588C12}.Release|Any CPU.ActiveCfg = Release|Any CPU
		{2B010C96-5006-42E1-937E-371D6C588C12}.Release|Any CPU.Build.0 = Release|Any CPU
		{504C8DEB-EC29-4C8D-B000-4BE4E4C132A9}.Debug|Any CPU.ActiveCfg = Debug|Any CPU
		{504C8DEB-EC29-4C8D-B000-4BE4E4C132A9}.Debug|Any CPU.Build.0 = Debug|Any CPU
		{504C8DEB-EC29-4C8D-B000-4BE4E4C132A9}.Release|Any CPU.ActiveCfg = Release|Any CPU
		{504C8DEB-EC29-4C8D-B000-4BE4E4C132A9}.Release|Any CPU.Build.0 = Release|Any CPU
		{F3CEF6E6-3950-490D-A276-1504C3F3F58D}.Debug|Any CPU.ActiveCfg = Debug|Any CPU
		{F3CEF6E6-3950-490D-A276-1504C3F3F58D}.Debug|Any CPU.Build.0 = Debug|Any CPU
		{F3CEF6E6-3950-490D-A276-1504C3F3F58D}.Release|Any CPU.ActiveCfg = Release|Any CPU
		{F3CEF6E6-3950-490D-A276-1504C3F3F58D}.Release|Any CPU.Build.0 = Release|Any CPU
		{2A675303-908D-43B2-BF59-0DD444A61290}.Debug|Any CPU.ActiveCfg = Debug|Any CPU
		{2A675303-908D-43B2-BF59-0DD444A61290}.Debug|Any CPU.Build.0 = Debug|Any CPU
		{2A675303-908D-43B2-BF59-0DD444A61290}.Release|Any CPU.ActiveCfg = Release|Any CPU
		{2A675303-908D-43B2-BF59-0DD444A61290}.Release|Any CPU.Build.0 = Release|Any CPU
		{C6E0E62E-9219-4E65-B6AB-44D41C37C659}.Debug|Any CPU.ActiveCfg = Debug|Any CPU
		{C6E0E62E-9219-4E65-B6AB-44D41C37C659}.Debug|Any CPU.Build.0 = Debug|Any CPU
		{C6E0E62E-9219-4E65-B6AB-44D41C37C659}.Release|Any CPU.ActiveCfg = Release|Any CPU
		{C6E0E62E-9219-4E65-B6AB-44D41C37C659}.Release|Any CPU.Build.0 = Release|Any CPU
		{B072173B-0670-4DC8-8666-C69843BCE7F7}.Debug|Any CPU.ActiveCfg = Debug|Any CPU
		{B072173B-0670-4DC8-8666-C69843BCE7F7}.Debug|Any CPU.Build.0 = Debug|Any CPU
		{B072173B-0670-4DC8-8666-C69843BCE7F7}.Release|Any CPU.ActiveCfg = Release|Any CPU
		{B072173B-0670-4DC8-8666-C69843BCE7F7}.Release|Any CPU.Build.0 = Release|Any CPU
		{E0B57598-F24A-405B-B055-00F12A5323EF}.Debug|Any CPU.ActiveCfg = Debug|Any CPU
		{E0B57598-F24A-405B-B055-00F12A5323EF}.Debug|Any CPU.Build.0 = Debug|Any CPU
		{E0B57598-F24A-405B-B055-00F12A5323EF}.Release|Any CPU.ActiveCfg = Release|Any CPU
		{E0B57598-F24A-405B-B055-00F12A5323EF}.Release|Any CPU.Build.0 = Release|Any CPU
		{515AFC10-C9FA-4F70-98D9-89A3CC49A0EF}.Debug|Any CPU.ActiveCfg = Debug|Any CPU
		{515AFC10-C9FA-4F70-98D9-89A3CC49A0EF}.Debug|Any CPU.Build.0 = Debug|Any CPU
		{515AFC10-C9FA-4F70-98D9-89A3CC49A0EF}.Release|Any CPU.ActiveCfg = Release|Any CPU
		{515AFC10-C9FA-4F70-98D9-89A3CC49A0EF}.Release|Any CPU.Build.0 = Release|Any CPU
		{9552427E-3208-4AC5-AE33-2AFBF448B8FD}.Debug|Any CPU.ActiveCfg = Debug|Any CPU
		{9552427E-3208-4AC5-AE33-2AFBF448B8FD}.Debug|Any CPU.Build.0 = Debug|Any CPU
		{9552427E-3208-4AC5-AE33-2AFBF448B8FD}.Release|Any CPU.ActiveCfg = Release|Any CPU
		{9552427E-3208-4AC5-AE33-2AFBF448B8FD}.Release|Any CPU.Build.0 = Release|Any CPU
		{DA2E4736-0A87-4B49-AC5E-DEE53EBEF5E0}.Debug|Any CPU.ActiveCfg = Debug|Any CPU
		{DA2E4736-0A87-4B49-AC5E-DEE53EBEF5E0}.Debug|Any CPU.Build.0 = Debug|Any CPU
		{DA2E4736-0A87-4B49-AC5E-DEE53EBEF5E0}.Release|Any CPU.ActiveCfg = Release|Any CPU
		{DA2E4736-0A87-4B49-AC5E-DEE53EBEF5E0}.Release|Any CPU.Build.0 = Release|Any CPU
		{C7E304D3-5E9B-449A-BF78-08EDB7FDF9C1}.Debug|Any CPU.ActiveCfg = Debug|Any CPU
		{C7E304D3-5E9B-449A-BF78-08EDB7FDF9C1}.Debug|Any CPU.Build.0 = Debug|Any CPU
		{C7E304D3-5E9B-449A-BF78-08EDB7FDF9C1}.Release|Any CPU.ActiveCfg = Release|Any CPU
		{C7E304D3-5E9B-449A-BF78-08EDB7FDF9C1}.Release|Any CPU.Build.0 = Release|Any CPU
		{8B424455-FB93-4ADB-9AC1-6A11F9FA9AF6}.Debug|Any CPU.ActiveCfg = Debug|Any CPU
		{8B424455-FB93-4ADB-9AC1-6A11F9FA9AF6}.Debug|Any CPU.Build.0 = Debug|Any CPU
		{8B424455-FB93-4ADB-9AC1-6A11F9FA9AF6}.Release|Any CPU.ActiveCfg = Release|Any CPU
		{8B424455-FB93-4ADB-9AC1-6A11F9FA9AF6}.Release|Any CPU.Build.0 = Release|Any CPU
		{B769B8E4-ED22-4F38-9E6C-B2EA9F74F0C9}.Debug|Any CPU.ActiveCfg = Debug|Any CPU
		{B769B8E4-ED22-4F38-9E6C-B2EA9F74F0C9}.Debug|Any CPU.Build.0 = Debug|Any CPU
		{B769B8E4-ED22-4F38-9E6C-B2EA9F74F0C9}.Release|Any CPU.ActiveCfg = Release|Any CPU
		{B769B8E4-ED22-4F38-9E6C-B2EA9F74F0C9}.Release|Any CPU.Build.0 = Release|Any CPU
		{5302B5F9-894C-4728-995B-70DFF3CF2246}.Debug|Any CPU.ActiveCfg = Debug|Any CPU
		{5302B5F9-894C-4728-995B-70DFF3CF2246}.Debug|Any CPU.Build.0 = Debug|Any CPU
		{5302B5F9-894C-4728-995B-70DFF3CF2246}.Release|Any CPU.ActiveCfg = Release|Any CPU
		{5302B5F9-894C-4728-995B-70DFF3CF2246}.Release|Any CPU.Build.0 = Release|Any CPU
		{45714B7A-5F49-4275-BF5D-B8876A73226B}.Debug|Any CPU.ActiveCfg = Debug|Any CPU
		{45714B7A-5F49-4275-BF5D-B8876A73226B}.Debug|Any CPU.Build.0 = Debug|Any CPU
		{45714B7A-5F49-4275-BF5D-B8876A73226B}.Release|Any CPU.ActiveCfg = Release|Any CPU
		{45714B7A-5F49-4275-BF5D-B8876A73226B}.Release|Any CPU.Build.0 = Release|Any CPU
		{B2E6EA6C-5AEA-4851-B625-959F0FFFDB4A}.Debug|Any CPU.ActiveCfg = Debug|Any CPU
		{B2E6EA6C-5AEA-4851-B625-959F0FFFDB4A}.Debug|Any CPU.Build.0 = Debug|Any CPU
		{B2E6EA6C-5AEA-4851-B625-959F0FFFDB4A}.Release|Any CPU.ActiveCfg = Release|Any CPU
		{B2E6EA6C-5AEA-4851-B625-959F0FFFDB4A}.Release|Any CPU.Build.0 = Release|Any CPU
		{61C98911-9422-450F-A7C4-EF5CB9A048F3}.Debug|Any CPU.ActiveCfg = Debug|Any CPU
		{61C98911-9422-450F-A7C4-EF5CB9A048F3}.Debug|Any CPU.Build.0 = Debug|Any CPU
		{61C98911-9422-450F-A7C4-EF5CB9A048F3}.Release|Any CPU.ActiveCfg = Release|Any CPU
		{61C98911-9422-450F-A7C4-EF5CB9A048F3}.Release|Any CPU.Build.0 = Release|Any CPU
	EndGlobalSection
	GlobalSection(SolutionProperties) = preSolution
		HideSolutionNode = FALSE
	EndGlobalSection
	GlobalSection(NestedProjects) = preSolution
		{748E8B39-9812-45A8-840E-7EB3DCF5CC11} = {7EEF7E9B-1E99-4B28-9099-C99FC9FF8759}
		{2CCCCFB4-4F18-4E9F-AE8A-D4DAA2347B18} = {7EEF7E9B-1E99-4B28-9099-C99FC9FF8759}
		{496E577C-79A1-4A0C-99A0-32F489210FAA} = {7EEF7E9B-1E99-4B28-9099-C99FC9FF8759}
		{EEC10FF8-16D9-4246-81C5-AAC4877584D9} = {C173D88F-F345-48BA-8D76-087A4009DD52}
		{2B010C96-5006-42E1-937E-371D6C588C12} = {C173D88F-F345-48BA-8D76-087A4009DD52}
		{504C8DEB-EC29-4C8D-B000-4BE4E4C132A9} = {C173D88F-F345-48BA-8D76-087A4009DD52}
		{F3CEF6E6-3950-490D-A276-1504C3F3F58D} = {058D9210-85CB-4AE5-9BEB-2DDCDBA9D011}
		{2A675303-908D-43B2-BF59-0DD444A61290} = {058D9210-85CB-4AE5-9BEB-2DDCDBA9D011}
		{C6E0E62E-9219-4E65-B6AB-44D41C37C659} = {058D9210-85CB-4AE5-9BEB-2DDCDBA9D011}
		{B072173B-0670-4DC8-8666-C69843BCE7F7} = {3236CDE7-8B43-4A73-B23F-83F547EE0E63}
		{E0B57598-F24A-405B-B055-00F12A5323EF} = {3236CDE7-8B43-4A73-B23F-83F547EE0E63}
		{515AFC10-C9FA-4F70-98D9-89A3CC49A0EF} = {3236CDE7-8B43-4A73-B23F-83F547EE0E63}
		{9552427E-3208-4AC5-AE33-2AFBF448B8FD} = {763E6A8E-C1AC-4120-9E22-6B40707E60CA}
		{DA2E4736-0A87-4B49-AC5E-DEE53EBEF5E0} = {763E6A8E-C1AC-4120-9E22-6B40707E60CA}
		{C7E304D3-5E9B-449A-BF78-08EDB7FDF9C1} = {763E6A8E-C1AC-4120-9E22-6B40707E60CA}
		{8B424455-FB93-4ADB-9AC1-6A11F9FA9AF6} = {2247A017-D935-4CDA-B535-ADAC657EBA86}
		{B769B8E4-ED22-4F38-9E6C-B2EA9F74F0C9} = {2247A017-D935-4CDA-B535-ADAC657EBA86}
		{5302B5F9-894C-4728-995B-70DFF3CF2246} = {2247A017-D935-4CDA-B535-ADAC657EBA86}
		{45714B7A-5F49-4275-BF5D-B8876A73226B} = {D7A7298A-A30E-4855-ADBA-1E2D8F822D82}
		{B2E6EA6C-5AEA-4851-B625-959F0FFFDB4A} = {D7A7298A-A30E-4855-ADBA-1E2D8F822D82}
		{61C98911-9422-450F-A7C4-EF5CB9A048F3} = {D7A7298A-A30E-4855-ADBA-1E2D8F822D82}
	EndGlobalSection
	GlobalSection(ExtensibilityGlobals) = postSolution
		SolutionGuid = {03BC6B49-D74A-4C84-A42F-7840BF6A932C}
	EndGlobalSection
EndGlobal
